
Microsoft Visual Studio Solution File, Format Version 12.00
# Visual Studio Version 17
VisualStudioVersion = 17.11.35312.102
MinimumVisualStudioVersion = 10.0.40219.1
Project("{FAE04EC0-301F-11D3-BF4B-00C04F79EFBC}") = "PrakTos3", "PrakTos3\PrakTos3.csproj", "{963FFB90-05D2-4A8E-A5F9-29C7A0DB9BFC}"
EndProject
Global
	GlobalSection(SolutionConfigurationPlatforms) = preSolution
		Debug|Any CPU = Debug|Any CPU
		Release|Any CPU = Release|Any CPU
	EndGlobalSection
	GlobalSection(ProjectConfigurationPlatforms) = postSolution
		{963FFB90-05D2-4A8E-A5F9-29C7A0DB9BFC}.Debug|Any CPU.ActiveCfg = Debug|Any CPU
		{963FFB90-05D2-4A8E-A5F9-29C7A0DB9BFC}.Debug|Any CPU.Build.0 = Debug|Any CPU
		{963FFB90-05D2-4A8E-A5F9-29C7A0DB9BFC}.Release|Any CPU.ActiveCfg = Release|Any CPU
		{963FFB90-05D2-4A8E-A5F9-29C7A0DB9BFC}.Release|Any CPU.Build.0 = Release|Any CPU
	EndGlobalSection
	GlobalSection(SolutionProperties) = preSolution
		HideSolutionNode = FALSE
	EndGlobalSection
	GlobalSection(ExtensibilityGlobals) = postSolution
		SolutionGuid = {6D74CFEF-6039-45CD-B323-DA6CC57E6D42}
	EndGlobalSection
EndGlobal
